
Microsoft Visual Studio Solution File, Format Version 12.00
Project("{FAE04EC0-301F-11D3-BF4B-00C04F79EFBC}") = "IskraSample", "IskraSample\IskraSample.csproj", "{B4B13060-E383-4B9F-8693-7B06B972C16B}"
EndProject
Project("{FAE04EC0-301F-11D3-BF4B-00C04F79EFBC}") = "Iskra.Reactivity", "Iskra.Reactivity\Iskra.Reactivity.csproj", "{0CB80216-77AC-445D-BD1D-FA69ECCE51A4}"
EndProject
Project("{FAE04EC0-301F-11D3-BF4B-00C04F79EFBC}") = "Iskra.MinimalWasmExample", "Iskra.MinimalWasmExample\Iskra.MinimalWasmExample.csproj", "{99FFF7A6-EC2B-4639-8CFB-C92A8A66B84D}"
EndProject
Project("{FAE04EC0-301F-11D3-BF4B-00C04F79EFBC}") = "Iskra.StdWeb", "Iskra.StdWeb\Iskra.StdWeb.csproj", "{01E8BD47-514F-429F-BF69-B4844C0C7674}"
EndProject
Project("{FAE04EC0-301F-11D3-BF4B-00C04F79EFBC}") = "Iskra.App", "Iskra.App\Iskra.App.csproj", "{AEA69467-3915-4CDB-A7B9-4C0B84051BDD}"
EndProject
Project("{FAE04EC0-301F-11D3-BF4B-00C04F79EFBC}") = "Iskra.AppExample", "Iskra.AppExample\Iskra.AppExample.csproj", "{F5238AA6-F539-4F48-B3D7-01107E30F654}"
EndProject
Project("{FAE04EC0-301F-11D3-BF4B-00C04F79EFBC}") = "Iskra.StdWebApi", "Iskra.StdWebApi\Iskra.StdWebApi.csproj", "{AA59E0B4-8156-4FBE-9652-7DD6A4F612E5}"
EndProject
Project("{FAE04EC0-301F-11D3-BF4B-00C04F79EFBC}") = "Iskra.StdWebGenerator", "Iskra.StdWebGenerator\Iskra.StdWebGenerator.csproj", "{ADB41A80-37E1-4B92-9966-F873DDBAB749}"
EndProject
Project("{FAE04EC0-301F-11D3-BF4B-00C04F79EFBC}") = "Iskra.Core", "Iskra.Core\Iskra.Core.csproj", "{FAC15A6C-9637-414A-AEC6-4AD3ED7F7E5C}"
EndProject
Project("{FAE04EC0-301F-11D3-BF4B-00C04F79EFBC}") = "Iskra.CoreExample", "Iskra.CoreExample\Iskra.CoreExample.csproj", "{78D1051C-2532-44EC-8364-0F45C6EEC739}"
EndProject
Project("{FAE04EC0-301F-11D3-BF4B-00C04F79EFBC}") = "Iskra.StdWeb.Tests", "Iskra.StdWeb.Tests\Iskra.StdWeb.Tests.csproj", "{F668EFA9-5B55-4789-AD7E-56942004804A}"
EndProject
Project("{FAE04EC0-301F-11D3-BF4B-00C04F79EFBC}") = "Iskra.StdWeb.Tests.Runner", "Iskra.StdWeb.Tests.Runner\Iskra.StdWeb.Tests.Runner.csproj", "{DFB25A72-C360-4190-AA5F-C2C45BE5BED2}"
EndProject
Global
	GlobalSection(SolutionConfigurationPlatforms) = preSolution
		Debug|Any CPU = Debug|Any CPU
		Release|Any CPU = Release|Any CPU
	EndGlobalSection
	GlobalSection(ProjectConfigurationPlatforms) = postSolution
		{B4B13060-E383-4B9F-8693-7B06B972C16B}.Debug|Any CPU.ActiveCfg = Debug|Any CPU
		{B4B13060-E383-4B9F-8693-7B06B972C16B}.Debug|Any CPU.Build.0 = Debug|Any CPU
		{B4B13060-E383-4B9F-8693-7B06B972C16B}.Release|Any CPU.ActiveCfg = Release|Any CPU
		{B4B13060-E383-4B9F-8693-7B06B972C16B}.Release|Any CPU.Build.0 = Release|Any CPU
		{0CB80216-77AC-445D-BD1D-FA69ECCE51A4}.Debug|Any CPU.ActiveCfg = Debug|Any CPU
		{0CB80216-77AC-445D-BD1D-FA69ECCE51A4}.Debug|Any CPU.Build.0 = Debug|Any CPU
		{0CB80216-77AC-445D-BD1D-FA69ECCE51A4}.Release|Any CPU.ActiveCfg = Release|Any CPU
		{0CB80216-77AC-445D-BD1D-FA69ECCE51A4}.Release|Any CPU.Build.0 = Release|Any CPU
		{99FFF7A6-EC2B-4639-8CFB-C92A8A66B84D}.Debug|Any CPU.ActiveCfg = Debug|Any CPU
		{99FFF7A6-EC2B-4639-8CFB-C92A8A66B84D}.Debug|Any CPU.Build.0 = Debug|Any CPU
		{99FFF7A6-EC2B-4639-8CFB-C92A8A66B84D}.Release|Any CPU.ActiveCfg = Release|Any CPU
		{99FFF7A6-EC2B-4639-8CFB-C92A8A66B84D}.Release|Any CPU.Build.0 = Release|Any CPU
		{01E8BD47-514F-429F-BF69-B4844C0C7674}.Debug|Any CPU.ActiveCfg = Debug|Any CPU
		{01E8BD47-514F-429F-BF69-B4844C0C7674}.Debug|Any CPU.Build.0 = Debug|Any CPU
		{01E8BD47-514F-429F-BF69-B4844C0C7674}.Release|Any CPU.ActiveCfg = Release|Any CPU
		{01E8BD47-514F-429F-BF69-B4844C0C7674}.Release|Any CPU.Build.0 = Release|Any CPU
		{AEA69467-3915-4CDB-A7B9-4C0B84051BDD}.Debug|Any CPU.ActiveCfg = Debug|Any CPU
		{AEA69467-3915-4CDB-A7B9-4C0B84051BDD}.Debug|Any CPU.Build.0 = Debug|Any CPU
		{AEA69467-3915-4CDB-A7B9-4C0B84051BDD}.Release|Any CPU.ActiveCfg = Release|Any CPU
		{AEA69467-3915-4CDB-A7B9-4C0B84051BDD}.Release|Any CPU.Build.0 = Release|Any CPU
		{F5238AA6-F539-4F48-B3D7-01107E30F654}.Debug|Any CPU.ActiveCfg = Debug|Any CPU
		{F5238AA6-F539-4F48-B3D7-01107E30F654}.Debug|Any CPU.Build.0 = Debug|Any CPU
		{F5238AA6-F539-4F48-B3D7-01107E30F654}.Release|Any CPU.ActiveCfg = Release|Any CPU
		{F5238AA6-F539-4F48-B3D7-01107E30F654}.Release|Any CPU.Build.0 = Release|Any CPU
		{AA59E0B4-8156-4FBE-9652-7DD6A4F612E5}.Debug|Any CPU.ActiveCfg = Debug|Any CPU
		{AA59E0B4-8156-4FBE-9652-7DD6A4F612E5}.Debug|Any CPU.Build.0 = Debug|Any CPU
		{AA59E0B4-8156-4FBE-9652-7DD6A4F612E5}.Release|Any CPU.ActiveCfg = Release|Any CPU
		{AA59E0B4-8156-4FBE-9652-7DD6A4F612E5}.Release|Any CPU.Build.0 = Release|Any CPU
		{ADB41A80-37E1-4B92-9966-F873DDBAB749}.Debug|Any CPU.ActiveCfg = Debug|Any CPU
		{ADB41A80-37E1-4B92-9966-F873DDBAB749}.Debug|Any CPU.Build.0 = Debug|Any CPU
		{ADB41A80-37E1-4B92-9966-F873DDBAB749}.Release|Any CPU.ActiveCfg = Release|Any CPU
		{ADB41A80-37E1-4B92-9966-F873DDBAB749}.Release|Any CPU.Build.0 = Release|Any CPU
		{FAC15A6C-9637-414A-AEC6-4AD3ED7F7E5C}.Debug|Any CPU.ActiveCfg = Debug|Any CPU
		{FAC15A6C-9637-414A-AEC6-4AD3ED7F7E5C}.Debug|Any CPU.Build.0 = Debug|Any CPU
		{FAC15A6C-9637-414A-AEC6-4AD3ED7F7E5C}.Release|Any CPU.ActiveCfg = Release|Any CPU
		{FAC15A6C-9637-414A-AEC6-4AD3ED7F7E5C}.Release|Any CPU.Build.0 = Release|Any CPU
		{78D1051C-2532-44EC-8364-0F45C6EEC739}.Debug|Any CPU.ActiveCfg = Debug|Any CPU
		{78D1051C-2532-44EC-8364-0F45C6EEC739}.Debug|Any CPU.Build.0 = Debug|Any CPU
		{78D1051C-2532-44EC-8364-0F45C6EEC739}.Release|Any CPU.ActiveCfg = Release|Any CPU
		{78D1051C-2532-44EC-8364-0F45C6EEC739}.Release|Any CPU.Build.0 = Release|Any CPU
		{F668EFA9-5B55-4789-AD7E-56942004804A}.Debug|Any CPU.ActiveCfg = Debug|Any CPU
		{F668EFA9-5B55-4789-AD7E-56942004804A}.Debug|Any CPU.Build.0 = Debug|Any CPU
		{F668EFA9-5B55-4789-AD7E-56942004804A}.Release|Any CPU.ActiveCfg = Release|Any CPU
		{F668EFA9-5B55-4789-AD7E-56942004804A}.Release|Any CPU.Build.0 = Release|Any CPU
		{DFB25A72-C360-4190-AA5F-C2C45BE5BED2}.Debug|Any CPU.ActiveCfg = Debug|Any CPU
		{DFB25A72-C360-4190-AA5F-C2C45BE5BED2}.Debug|Any CPU.Build.0 = Debug|Any CPU
		{DFB25A72-C360-4190-AA5F-C2C45BE5BED2}.Release|Any CPU.ActiveCfg = Release|Any CPU
		{DFB25A72-C360-4190-AA5F-C2C45BE5BED2}.Release|Any CPU.Build.0 = Release|Any CPU
	EndGlobalSection
EndGlobal
